{
  "requires": true,
  "lockfileVersion": 1,
  "dependencies": {
    "simple-icons": {
      "version": "1.14.0",
      "resolved": "https://registry.npmjs.org/simple-icons/-/simple-icons-1.14.0.tgz",
      "integrity": "sha512-X8wH5bDrXHHM63JygweVpVfLNrhNPPNyWed68tvjllcvVlYmb39TgOgpblM5V7Lanzyq+4j9CinjzOJfdKe6tQ=="
    }
  }
}
